
Microsoft Visual Studio Solution File, Format Version 12.00
# Visual Studio Version 16
VisualStudioVersion = 16.0.29519.87
MinimumVisualStudioVersion = 10.0.40219.1
Project("{FAE04EC0-301F-11D3-BF4B-00C04F79EFBC}") = "MyWorks", "MyWorks.csproj", "{6958CCA1-F8C2-499C-BCC9-D3E997D107F2}"
EndProject
Global
	GlobalSection(SolutionConfigurationPlatforms) = preSolution
		Debug|Any CPU = Debug|Any CPU
		Release|Any CPU = Release|Any CPU
	EndGlobalSection
	GlobalSection(ProjectConfigurationPlatforms) = postSolution
		{6958CCA1-F8C2-499C-BCC9-D3E997D107F2}.Debug|Any CPU.ActiveCfg = Debug|Any CPU
		{6958CCA1-F8C2-499C-BCC9-D3E997D107F2}.Debug|Any CPU.Build.0 = Debug|Any CPU
		{6958CCA1-F8C2-499C-BCC9-D3E997D107F2}.Release|Any CPU.ActiveCfg = Release|Any CPU
		{6958CCA1-F8C2-499C-BCC9-D3E997D107F2}.Release|Any CPU.Build.0 = Release|Any CPU
	EndGlobalSection
	GlobalSection(SolutionProperties) = preSolution
		HideSolutionNode = FALSE
	EndGlobalSection
	GlobalSection(ExtensibilityGlobals) = postSolution
		SolutionGuid = {237030AF-921C-4421-A375-6AEA7FE60D1D}
	EndGlobalSection
EndGlobal
